
Microsoft Visual Studio Solution File, Format Version 10.00
# Visual Studio 2008
Project("{FAE04EC0-301F-11D3-BF4B-00C04F79EFBC}") = "SqlConnTest", "SqlConnTest\SqlConnTest.csproj", "{5F09F654-9DCA-41E6-8D01-7F5098FB398A}"
EndProject
Global
	GlobalSection(SolutionConfigurationPlatforms) = preSolution
		Debug|Any CPU = Debug|Any CPU
		Release|Any CPU = Release|Any CPU
	EndGlobalSection
	GlobalSection(ProjectConfigurationPlatforms) = postSolution
		{5F09F654-9DCA-41E6-8D01-7F5098FB398A}.Debug|Any CPU.ActiveCfg = Debug|Any CPU
		{5F09F654-9DCA-41E6-8D01-7F5098FB398A}.Debug|Any CPU.Build.0 = Debug|Any CPU
		{5F09F654-9DCA-41E6-8D01-7F5098FB398A}.Release|Any CPU.ActiveCfg = Release|Any CPU
		{5F09F654-9DCA-41E6-8D01-7F5098FB398A}.Release|Any CPU.Build.0 = Release|Any CPU
	EndGlobalSection
	GlobalSection(SolutionProperties) = preSolution
		HideSolutionNode = FALSE
	EndGlobalSection
EndGlobal
